
Microsoft Visual Studio Solution File, Format Version 12.00
# Visual Studio Version 17
VisualStudioVersion = 17.6.33815.320
MinimumVisualStudioVersion = 10.0.40219.1
Project("{FAE04EC0-301F-11D3-BF4B-00C04F79EFBC}") = "EF-MVC-Demo", "EF-MVC-Demo\EF-MVC-Demo.csproj", "{428AD32D-2595-4354-8F6C-D723AA30AEA7}"
EndProject
Global
	GlobalSection(SolutionConfigurationPlatforms) = preSolution
		Debug|Any CPU = Debug|Any CPU
		Release|Any CPU = Release|Any CPU
	EndGlobalSection
	GlobalSection(ProjectConfigurationPlatforms) = postSolution
		{428AD32D-2595-4354-8F6C-D723AA30AEA7}.Debug|Any CPU.ActiveCfg = Debug|Any CPU
		{428AD32D-2595-4354-8F6C-D723AA30AEA7}.Debug|Any CPU.Build.0 = Debug|Any CPU
		{428AD32D-2595-4354-8F6C-D723AA30AEA7}.Release|Any CPU.ActiveCfg = Release|Any CPU
		{428AD32D-2595-4354-8F6C-D723AA30AEA7}.Release|Any CPU.Build.0 = Release|Any CPU
	EndGlobalSection
	GlobalSection(SolutionProperties) = preSolution
		HideSolutionNode = FALSE
	EndGlobalSection
	GlobalSection(ExtensibilityGlobals) = postSolution
		SolutionGuid = {B1AA5752-D615-4833-AC76-8710C1964F57}
	EndGlobalSection
EndGlobal
